// !$*UTF8*$!
{
	archiveVersion = 1;
	classes = {
	};
	objectVersion = 77;
	objects = {

/* Begin PBXBuildFile section */
		CD31C6002DC9B8A10043E58D /* Localizable.strings in Resources */ = {isa = PBXBuildFile; fileRef = CD31C5FE2DC9B8A10043E58D /* Localizable.strings */; };
		CD31C6032DC9E49F0043E58D /* NavigationBackButton.swift in Sources */ = {isa = PBXBuildFile; fileRef = CD31C6022DC9E4990043E58D /* NavigationBackButton.swift */; };
		CD31C6062DCA1FB90043E58D /* LoadingOverlay.swift in Sources */ = {isa = PBXBuildFile; fileRef = CD31C6052DCA1FB40043E58D /* LoadingOverlay.swift */; };
		CD31C6202DCA4C210043E58D /* ConsolidatedAlertSheet.swift in Sources */ = {isa = PBXBuildFile; fileRef = CD31C61F2DCA4C180043E58D /* ConsolidatedAlertSheet.swift */; };
		CD31C6262DCB21820043E58D /* ConsolidatedAlertView.swift in Sources */ = {isa = PBXBuildFile; fileRef = CD31C6252DCB217B0043E58D /* ConsolidatedAlertView.swift */; };
		CD3BC2192DE10D9F00A3B4DD /* TextFieldWithDoneButton.swift in Sources */ = {isa = PBXBuildFile; fileRef = CD3BC2182DE10D8F00A3B4DD /* TextFieldWithDoneButton.swift */; };
/* End PBXBuildFile section */

/* Begin PBXFileReference section */
		CD31C5FF2DC9B8A10043E58D /* en */ = {isa = PBXFileReference; lastKnownFileType = text.plist.strings; name = en; path = en.lproj/Localizable.strings; sourceTree = "<group>"; };
		CD31C6022DC9E4990043E58D /* NavigationBackButton.swift */ = {isa = PBXFileReference; lastKnownFileType = sourcecode.swift; path = NavigationBackButton.swift; sourceTree = "<group>"; };
		CD31C6052DCA1FB40043E58D /* LoadingOverlay.swift */ = {isa = PBXFileReference; lastKnownFileType = sourcecode.swift; path = LoadingOverlay.swift; sourceTree = "<group>"; };
		CD31C61F2DCA4C180043E58D /* ConsolidatedAlertSheet.swift */ = {isa = PBXFileReference; lastKnownFileType = sourcecode.swift; path = ConsolidatedAlertSheet.swift; sourceTree = "<group>"; };
		CD31C6252DCB217B0043E58D /* ConsolidatedAlertView.swift */ = {isa = PBXFileReference; lastKnownFileType = sourcecode.swift; path = ConsolidatedAlertView.swift; sourceTree = "<group>"; };
		CD3BC2182DE10D8F00A3B4DD /* TextFieldWithDoneButton.swift */ = {isa = PBXFileReference; lastKnownFileType = sourcecode.swift; path = TextFieldWithDoneButton.swift; sourceTree = "<group>"; };
		CD78A7382DC71C5800C0FD98 /* faithpod.app */ = {isa = PBXFileReference; explicitFileType = wrapper.application; includeInIndex = 0; path = faithpod.app; sourceTree = BUILT_PRODUCTS_DIR; };
/* End PBXFileReference section */

/* Begin PBXFileSystemSynchronizedBuildFileExceptionSet section */
		CD78A7602DC7445600C0FD98 /* Exceptions for "faithpod" folder in "faithpod" target */ = {
			isa = PBXFileSystemSynchronizedBuildFileExceptionSet;
			membershipExceptions = (
				Info.plist,
			);
			target = CD78A7372DC71C5800C0FD98 /* faithpod */;
		};
/* End PBXFileSystemSynchronizedBuildFileExceptionSet section */

/* Begin PBXFileSystemSynchronizedRootGroup section */
		CD78A73A2DC71C5800C0FD98 /* faithpod */ = {
			isa = PBXFileSystemSynchronizedRootGroup;
			exceptions = (
				CD78A7602DC7445600C0FD98 /* Exceptions for "faithpod" folder in "faithpod" target */,
			);
			path = faithpod;
			sourceTree = "<group>";
		};
		CD78A80E2DC75DAB00C0FD98 /* Elements */ = {
			isa = PBXFileSystemSynchronizedRootGroup;
			path = Elements;
			sourceTree = "<group>";
		};
		CD78A8122DC75DB300C0FD98 /* Views */ = {
			isa = PBXFileSystemSynchronizedRootGroup;
			path = Views;
			sourceTree = "<group>";
		};
/* End PBXFileSystemSynchronizedRootGroup section */

/* Begin PBXFrameworksBuildPhase section */
		CD78A7352DC71C5800C0FD98 /* Frameworks */ = {
			isa = PBXFrameworksBuildPhase;
			buildActionMask = 2147483647;
			files = (
			);
			runOnlyForDeploymentPostprocessing = 0;
		};
/* End PBXFrameworksBuildPhase section */

/* Begin PBXGroup section */
		CD31C6012DC9E4930043E58D /* Atom */ = {
			isa = PBXGroup;
			children = (
				CD31C6252DCB217B0043E58D /* ConsolidatedAlertView.swift */,
				CD31C6022DC9E4990043E58D /* NavigationBackButton.swift */,
			);
			path = Atom;
			sourceTree = "<group>";
		};
		CD31C6042DCA1FA20043E58D /* Molecules */ = {
			isa = PBXGroup;
			children = (
				CD3BC2182DE10D8F00A3B4DD /* TextFieldWithDoneButton.swift */,
				CD31C61F2DCA4C180043E58D /* ConsolidatedAlertSheet.swift */,
				CD31C6052DCA1FB40043E58D /* LoadingOverlay.swift */,
			);
			path = Molecules;
			sourceTree = "<group>";
		};
		CD78A72F2DC71C5800C0FD98 = {
			isa = PBXGroup;
			children = (
				CD78A74A2DC71C8F00C0FD98 /* faithpodUI */,
				CD78A73A2DC71C5800C0FD98 /* faithpod */,
				CD78A7392DC71C5800C0FD98 /* Products */,
			);
			sourceTree = "<group>";
		};
		CD78A7392DC71C5800C0FD98 /* Products */ = {
			isa = PBXGroup;
			children = (
				CD78A7382DC71C5800C0FD98 /* faithpod.app */,
			);
			name = Products;
			sourceTree = "<group>";
		};
		CD78A74A2DC71C8F00C0FD98 /* faithpodUI */ = {
			isa = PBXGroup;
			children = (
				CD31C6042DCA1FA20043E58D /* Molecules */,
				CD31C6012DC9E4930043E58D /* Atom */,
				CD78A8122DC75DB300C0FD98 /* Views */,
				CD78A80E2DC75DAB00C0FD98 /* Elements */,
				CD31C5FE2DC9B8A10043E58D /* Localizable.strings */,
			);
			path = faithpodUI;
			sourceTree = "<group>";
		};
/* End PBXGroup section */

/* Begin PBXNativeTarget section */
		CD78A7372DC71C5800C0FD98 /* faithpod */ = {
			isa = PBXNativeTarget;
			buildConfigurationList = CD78A7462DC71C5A00C0FD98 /* Build configuration list for PBXNativeTarget "faithpod" */;
			buildPhases = (
				CD78A7342DC71C5800C0FD98 /* Sources */,
				CD78A7352DC71C5800C0FD98 /* Frameworks */,
				CD78A7362DC71C5800C0FD98 /* Resources */,
			);
			buildRules = (
			);
			dependencies = (
			);
			fileSystemSynchronizedGroups = (
				CD78A73A2DC71C5800C0FD98 /* faithpod */,
				CD78A80E2DC75DAB00C0FD98 /* Elements */,
				CD78A8122DC75DB300C0FD98 /* Views */,
			);
			name = faithpod;
			packageProductDependencies = (
			);
			productName = faithpod;
			productReference = CD78A7382DC71C5800C0FD98 /* faithpod.app */;
			productType = "com.apple.product-type.application";
		};
/* End PBXNativeTarget section */

/* Begin PBXProject section */
		CD78A7302DC71C5800C0FD98 /* Project object */ = {
			isa = PBXProject;
			attributes = {
				BuildIndependentTargetsInParallel = 1;
				LastSwiftUpdateCheck = 1620;
				LastUpgradeCheck = 1620;
				TargetAttributes = {
					CD78A7372DC71C5800C0FD98 = {
						CreatedOnToolsVersion = 16.2;
					};
				};
			};
			buildConfigurationList = CD78A7332DC71C5800C0FD98 /* Build configuration list for PBXProject "faithpod" */;
			developmentRegion = en;
			hasScannedForEncodings = 0;
			knownRegions = (
				en,
				Base,
			);
			mainGroup = CD78A72F2DC71C5800C0FD98;
			minimizedProjectReferenceProxies = 1;
			preferredProjectObjectVersion = 77;
			productRefGroup = CD78A7392DC71C5800C0FD98 /* Products */;
			projectDirPath = "";
			projectRoot = "";
			targets = (
				CD78A7372DC71C5800C0FD98 /* faithpod */,
			);
		};
/* End PBXProject section */

/* Begin PBXResourcesBuildPhase section */
		CD78A7362DC71C5800C0FD98 /* Resources */ = {
			isa = PBXResourcesBuildPhase;
			buildActionMask = 2147483647;
			files = (
				CD31C6002DC9B8A10043E58D /* Localizable.strings in Resources */,
			);
			runOnlyForDeploymentPostprocessing = 0;
		};
/* End PBXResourcesBuildPhase section */

/* Begin PBXSourcesBuildPhase section */
		CD78A7342DC71C5800C0FD98 /* Sources */ = {
			isa = PBXSourcesBuildPhase;
			buildActionMask = 2147483647;
			files = (
				CD31C6262DCB21820043E58D /* ConsolidatedAlertView.swift in Sources */,
				CD31C6032DC9E49F0043E58D /* NavigationBackButton.swift in Sources */,
				CD31C6202DCA4C210043E58D /* ConsolidatedAlertSheet.swift in Sources */,
				CD31C6062DCA1FB90043E58D /* LoadingOverlay.swift in Sources */,
				CD3BC2192DE10D9F00A3B4DD /* TextFieldWithDoneButton.swift in Sources */,
			);
			runOnlyForDeploymentPostprocessing = 0;
		};
/* End PBXSourcesBuildPhase section */

/* Begin PBXVariantGroup section */
		CD31C5FE2DC9B8A10043E58D /* Localizable.strings */ = {
			isa = PBXVariantGroup;
			children = (
				CD31C5FF2DC9B8A10043E58D /* en */,
			);
			name = Localizable.strings;
			sourceTree = "<group>";
		};
/* End PBXVariantGroup section */

/* Begin XCBuildConfiguration section */
		CD78A8FA2DC8A76E00C0FD98 /* Release - Production */ = {
			isa = XCBuildConfiguration;
			baseConfigurationReferenceAnchor = CD78A73A2DC71C5800C0FD98 /* faithpod */;
			baseConfigurationReferenceRelativePath = Config/ProductionEnvironment.xcconfig;
			buildSettings = {
				ALWAYS_SEARCH_USER_PATHS = NO;
				ASSETCATALOG_COMPILER_GENERATE_SWIFT_ASSET_SYMBOL_EXTENSIONS = YES;
				CLANG_ANALYZER_NONNULL = YES;
				CLANG_ANALYZER_NUMBER_OBJECT_CONVERSION = YES_AGGRESSIVE;
				CLANG_CXX_LANGUAGE_STANDARD = "gnu++20";
				CLANG_ENABLE_MODULES = YES;
				CLANG_ENABLE_OBJC_ARC = YES;
				CLANG_ENABLE_OBJC_WEAK = YES;
				CLANG_WARN_BLOCK_CAPTURE_AUTORELEASING = YES;
				CLANG_WARN_BOOL_CONVERSION = YES;
				CLANG_WARN_COMMA = YES;
				CLANG_WARN_CONSTANT_CONVERSION = YES;
				CLANG_WARN_DEPRECATED_OBJC_IMPLEMENTATIONS = YES;
				CLANG_WARN_DIRECT_OBJC_ISA_USAGE = YES_ERROR;
				CLANG_WARN_DOCUMENTATION_COMMENTS = YES;
				CLANG_WARN_EMPTY_BODY = YES;
				CLANG_WARN_ENUM_CONVERSION = YES;
				CLANG_WARN_INFINITE_RECURSION = YES;
				CLANG_WARN_INT_CONVERSION = YES;
				CLANG_WARN_NON_LITERAL_NULL_CONVERSION = YES;
				CLANG_WARN_OBJC_IMPLICIT_RETAIN_SELF = YES;
				CLANG_WARN_OBJC_LITERAL_CONVERSION = YES;
				CLANG_WARN_OBJC_ROOT_CLASS = YES_ERROR;
				CLANG_WARN_QUOTED_INCLUDE_IN_FRAMEWORK_HEADER = YES;
				CLANG_WARN_RANGE_LOOP_ANALYSIS = YES;
				CLANG_WARN_STRICT_PROTOTYPES = YES;
				CLANG_WARN_SUSPICIOUS_MOVE = YES;
				CLANG_WARN_UNGUARDED_AVAILABILITY = YES_AGGRESSIVE;
				CLANG_WARN_UNREACHABLE_CODE = YES;
				CLANG_WARN__DUPLICATE_METHOD_MATCH = YES;
				COPY_PHASE_STRIP = NO;
				DEBUG_INFORMATION_FORMAT = "dwarf-with-dsym";
				ENABLE_NS_ASSERTIONS = NO;
				ENABLE_STRICT_OBJC_MSGSEND = YES;
				ENABLE_USER_SCRIPT_SANDBOXING = YES;
				GCC_C_LANGUAGE_STANDARD = gnu17;
				GCC_NO_COMMON_BLOCKS = YES;
				GCC_WARN_64_TO_32_BIT_CONVERSION = YES;
				GCC_WARN_ABOUT_RETURN_TYPE = YES_ERROR;
				GCC_WARN_UNDECLARED_SELECTOR = YES;
				GCC_WARN_UNINITIALIZED_AUTOS = YES_AGGRESSIVE;
				GCC_WARN_UNUSED_FUNCTION = YES;
				GCC_WARN_UNUSED_VARIABLE = YES;
				IPHONEOS_DEPLOYMENT_TARGET = 18.2;
				LOCALIZATION_PREFERS_STRING_CATALOGS = YES;
				MTL_ENABLE_DEBUG_INFO = NO;
				MTL_FAST_MATH = YES;
				SDKROOT = iphoneos;
				SWIFT_COMPILATION_MODE = wholemodule;
				VALIDATE_PRODUCT = YES;
			};
			name = "Release - Production";
		};
		CD78A8FB2DC8A76E00C0FD98 /* Release - Production */ = {
			isa = XCBuildConfiguration;
			baseConfigurationReferenceAnchor = CD78A73A2DC71C5800C0FD98 /* faithpod */;
			baseConfigurationReferenceRelativePath = Config/ProductionEnvironment.xcconfig;
			buildSettings = {
				ASSETCATALOG_COMPILER_APPICON_NAME = AppIcon;
				ASSETCATALOG_COMPILER_GLOBAL_ACCENT_COLOR_NAME = AccentColor;
				CODE_SIGN_STYLE = Automatic;
				CURRENT_PROJECT_VERSION = 156;
				DEVELOPMENT_ASSET_PATHS = "\"faithpod/Preview Content\"";
				DEVELOPMENT_TEAM = 342KR2X85A;
				ENABLE_PREVIEWS = YES;
				GENERATE_INFOPLIST_FILE = YES;
				INFOPLIST_FILE = faithpod/Info.plist;
				INFOPLIST_KEY_UIApplicationSceneManifest_Generation = YES;
				INFOPLIST_KEY_UIApplicationSupportsIndirectInputEvents = YES;
				INFOPLIST_KEY_UISupportedInterfaceOrientations = UIInterfaceOrientationPortrait;
				INFOPLIST_KEY_UIUserInterfaceStyle = Light;
				IPHONEOS_DEPLOYMENT_TARGET = 16.6;
				LD_RUNPATH_SEARCH_PATHS = (
					"$(inherited)",
					"@executable_path/Frameworks",
				);
				MARKETING_VERSION = 2.0.6;
				PRODUCT_BUNDLE_IDENTIFIER = mbayi.faithpod;
				PRODUCT_NAME = "$(TARGET_NAME)";
				SUPPORTED_PLATFORMS = "iphoneos iphonesimulator";
				SUPPORTS_MACCATALYST = NO;
				SUPPORTS_MAC_DESIGNED_FOR_IPHONE_IPAD = NO;
				SUPPORTS_XR_DESIGNED_FOR_IPHONE_IPAD = NO;
				SWIFT_EMIT_LOC_STRINGS = YES;
				SWIFT_VERSION = 5.0;
				TARGETED_DEVICE_FAMILY = 1;
			};
			name = "Release - Production";
		};
		CD78A8FC2DC8A78B00C0FD98 /* Debug -  Production */ = {
			isa = XCBuildConfiguration;
			baseConfigurationReferenceAnchor = CD78A73A2DC71C5800C0FD98 /* faithpod */;
			baseConfigurationReferenceRelativePath = Config/ProductionEnvironment.xcconfig;
			buildSettings = {
				ALWAYS_SEARCH_USER_PATHS = NO;
				ASSETCATALOG_COMPILER_GENERATE_SWIFT_ASSET_SYMBOL_EXTENSIONS = YES;
				CLANG_ANALYZER_NONNULL = YES;
				CLANG_ANALYZER_NUMBER_OBJECT_CONVERSION = YES_AGGRESSIVE;
				CLANG_CXX_LANGUAGE_STANDARD = "gnu++20";
				CLANG_ENABLE_MODULES = YES;
				CLANG_ENABLE_OBJC_ARC = YES;
				CLANG_ENABLE_OBJC_WEAK = YES;
				CLANG_WARN_BLOCK_CAPTURE_AUTORELEASING = YES;
				CLANG_WARN_BOOL_CONVERSION = YES;
				CLANG_WARN_COMMA = YES;
				CLANG_WARN_CONSTANT_CONVERSION = YES;
				CLANG_WARN_DEPRECATED_OBJC_IMPLEMENTATIONS = YES;
				CLANG_WARN_DIRECT_OBJC_ISA_USAGE = YES_ERROR;
				CLANG_WARN_DOCUMENTATION_COMMENTS = YES;
				CLANG_WARN_EMPTY_BODY = YES;
				CLANG_WARN_ENUM_CONVERSION = YES;
				CLANG_WARN_INFINITE_RECURSION = YES;
				CLANG_WARN_INT_CONVERSION = YES;
				CLANG_WARN_NON_LITERAL_NULL_CONVERSION = YES;
				CLANG_WARN_OBJC_IMPLICIT_RETAIN_SELF = YES;
				CLANG_WARN_OBJC_LITERAL_CONVERSION = YES;
				CLANG_WARN_OBJC_ROOT_CLASS = YES_ERROR;
				CLANG_WARN_QUOTED_INCLUDE_IN_FRAMEWORK_HEADER = YES;
				CLANG_WARN_RANGE_LOOP_ANALYSIS = YES;
				CLANG_WARN_STRICT_PROTOTYPES = YES;
				CLANG_WARN_SUSPICIOUS_MOVE = YES;
				CLANG_WARN_UNGUARDED_AVAILABILITY = YES_AGGRESSIVE;
				CLANG_WARN_UNREACHABLE_CODE = YES;
				CLANG_WARN__DUPLICATE_METHOD_MATCH = YES;
				COPY_PHASE_STRIP = NO;
				DEBUG_INFORMATION_FORMAT = dwarf;
				ENABLE_STRICT_OBJC_MSGSEND = YES;
				ENABLE_TESTABILITY = YES;
				ENABLE_USER_SCRIPT_SANDBOXING = YES;
				GCC_C_LANGUAGE_STANDARD = gnu17;
				GCC_DYNAMIC_NO_PIC = NO;
				GCC_NO_COMMON_BLOCKS = YES;
				GCC_OPTIMIZATION_LEVEL = 0;
				GCC_PREPROCESSOR_DEFINITIONS = (
					"DEBUG=1",
					"$(inherited)",
				);
				GCC_WARN_64_TO_32_BIT_CONVERSION = YES;
				GCC_WARN_ABOUT_RETURN_TYPE = YES_ERROR;
				GCC_WARN_UNDECLARED_SELECTOR = YES;
				GCC_WARN_UNINITIALIZED_AUTOS = YES_AGGRESSIVE;
				GCC_WARN_UNUSED_FUNCTION = YES;
				GCC_WARN_UNUSED_VARIABLE = YES;
				IPHONEOS_DEPLOYMENT_TARGET = 18.2;
				LOCALIZATION_PREFERS_STRING_CATALOGS = YES;
				MTL_ENABLE_DEBUG_INFO = INCLUDE_SOURCE;
				MTL_FAST_MATH = YES;
				ONLY_ACTIVE_ARCH = YES;
				SDKROOT = iphoneos;
				SWIFT_ACTIVE_COMPILATION_CONDITIONS = "DEBUG $(inherited)";
				SWIFT_OPTIMIZATION_LEVEL = "-Onone";
			};
			name = "Debug -  Production";
		};
		CD78A8FD2DC8A78B00C0FD98 /* Debug -  Production */ = {
			isa = XCBuildConfiguration;
			baseConfigurationReferenceAnchor = CD78A73A2DC71C5800C0FD98 /* faithpod */;
			baseConfigurationReferenceRelativePath = Config/ProductionEnvironment.xcconfig;
			buildSettings = {
				ASSETCATALOG_COMPILER_APPICON_NAME = AppIcon;
				ASSETCATALOG_COMPILER_GLOBAL_ACCENT_COLOR_NAME = AccentColor;
				CODE_SIGN_STYLE = Automatic;
				CURRENT_PROJECT_VERSION = 156;
				DEVELOPMENT_ASSET_PATHS = "\"faithpod/Preview Content\"";
				DEVELOPMENT_TEAM = 342KR2X85A;
				ENABLE_PREVIEWS = YES;
				GENERATE_INFOPLIST_FILE = YES;
				INFOPLIST_FILE = faithpod/Info.plist;
				INFOPLIST_KEY_UIApplicationSceneManifest_Generation = YES;
				INFOPLIST_KEY_UIApplicationSupportsIndirectInputEvents = YES;
				INFOPLIST_KEY_UISupportedInterfaceOrientations = UIInterfaceOrientationPortrait;
				INFOPLIST_KEY_UIUserInterfaceStyle = Light;
				IPHONEOS_DEPLOYMENT_TARGET = 16.6;
				LD_RUNPATH_SEARCH_PATHS = (
					"$(inherited)",
					"@executable_path/Frameworks",
				);
				MARKETING_VERSION = 2.0.6;
				PRODUCT_BUNDLE_IDENTIFIER = mbayi.faithpod;
				PRODUCT_NAME = "$(TARGET_NAME)";
				SUPPORTED_PLATFORMS = "iphoneos iphonesimulator";
				SUPPORTS_MACCATALYST = NO;
				SUPPORTS_MAC_DESIGNED_FOR_IPHONE_IPAD = NO;
				SUPPORTS_XR_DESIGNED_FOR_IPHONE_IPAD = NO;
				SWIFT_EMIT_LOC_STRINGS = YES;
				SWIFT_VERSION = 5.0;
				TARGETED_DEVICE_FAMILY = 1;
			};
			name = "Debug -  Production";
		};
/* End XCBuildConfiguration section */

/* Begin XCConfigurationList section */
		CD78A7332DC71C5800C0FD98 /* Build configuration list for PBXProject "faithpod" */ = {
			isa = XCConfigurationList;
			buildConfigurations = (
				CD78A8FC2DC8A78B00C0FD98 /* Debug -  Production */,
				CD78A8FA2DC8A76E00C0FD98 /* Release - Production */,
			);
			defaultConfigurationIsVisible = 0;
			defaultConfigurationName = "Debug -  Production";
		};
		CD78A7462DC71C5A00C0FD98 /* Build configuration list for PBXNativeTarget "faithpod" */ = {
			isa = XCConfigurationList;
			buildConfigurations = (
				CD78A8FD2DC8A78B00C0FD98 /* Debug -  Production */,
				CD78A8FB2DC8A76E00C0FD98 /* Release - Production */,
			);
			defaultConfigurationIsVisible = 0;
			defaultConfigurationName = "Debug -  Production";
		};
/* End XCConfigurationList section */
	};
	rootObject = CD78A7302DC71C5800C0FD98 /* Project object */;
}
